
Microsoft Visual Studio Solution File, Format Version 12.00
# Visual Studio Version 17
VisualStudioVersion = 17.7.34221.43
MinimumVisualStudioVersion = 10.0.40219.1
Project("{9A19103F-16F7-4668-BE54-9A1E7A4F7556}") = "Domain", "Domain\Domain.csproj", "{EADD7ED3-2DA9-4B99-AA0F-5D9B67F0086D}"
EndProject
Project("{9A19103F-16F7-4668-BE54-9A1E7A4F7556}") = "Application", "Application\Application.csproj", "{8DE0BB79-6BC4-4DCE-B1DE-C889BDA43C4F}"
EndProject
Project("{9A19103F-16F7-4668-BE54-9A1E7A4F7556}") = "CoreLayer", "CoreLayer\CoreLayer.csproj", "{BE539255-C7E6-470C-B385-008549711934}"
EndProject
Project("{9A19103F-16F7-4668-BE54-9A1E7A4F7556}") = "Utils", "Utils\Utils.csproj", "{A29850FF-CA3D-49AE-84DE-AFFA5A0B4BCF}"
EndProject
Project("{9A19103F-16F7-4668-BE54-9A1E7A4F7556}") = "Web", "Web\Web.csproj", "{74903A96-23B2-44BE-9B7D-412DABAEDE4F}"
EndProject
Global
	GlobalSection(SolutionConfigurationPlatforms) = preSolution
		Debug|Any CPU = Debug|Any CPU
		Release|Any CPU = Release|Any CPU
	EndGlobalSection
	GlobalSection(ProjectConfigurationPlatforms) = postSolution
		{EADD7ED3-2DA9-4B99-AA0F-5D9B67F0086D}.Debug|Any CPU.ActiveCfg = Debug|Any CPU
		{EADD7ED3-2DA9-4B99-AA0F-5D9B67F0086D}.Debug|Any CPU.Build.0 = Debug|Any CPU
		{EADD7ED3-2DA9-4B99-AA0F-5D9B67F0086D}.Release|Any CPU.ActiveCfg = Release|Any CPU
		{EADD7ED3-2DA9-4B99-AA0F-5D9B67F0086D}.Release|Any CPU.Build.0 = Release|Any CPU
		{8DE0BB79-6BC4-4DCE-B1DE-C889BDA43C4F}.Debug|Any CPU.ActiveCfg = Debug|Any CPU
		{8DE0BB79-6BC4-4DCE-B1DE-C889BDA43C4F}.Debug|Any CPU.Build.0 = Debug|Any CPU
		{8DE0BB79-6BC4-4DCE-B1DE-C889BDA43C4F}.Release|Any CPU.ActiveCfg = Release|Any CPU
		{8DE0BB79-6BC4-4DCE-B1DE-C889BDA43C4F}.Release|Any CPU.Build.0 = Release|Any CPU
		{BE539255-C7E6-470C-B385-008549711934}.Debug|Any CPU.ActiveCfg = Debug|Any CPU
		{BE539255-C7E6-470C-B385-008549711934}.Debug|Any CPU.Build.0 = Debug|Any CPU
		{BE539255-C7E6-470C-B385-008549711934}.Release|Any CPU.ActiveCfg = Release|Any CPU
		{BE539255-C7E6-470C-B385-008549711934}.Release|Any CPU.Build.0 = Release|Any CPU
		{A29850FF-CA3D-49AE-84DE-AFFA5A0B4BCF}.Debug|Any CPU.ActiveCfg = Debug|Any CPU
		{A29850FF-CA3D-49AE-84DE-AFFA5A0B4BCF}.Debug|Any CPU.Build.0 = Debug|Any CPU
		{A29850FF-CA3D-49AE-84DE-AFFA5A0B4BCF}.Release|Any CPU.ActiveCfg = Release|Any CPU
		{A29850FF-CA3D-49AE-84DE-AFFA5A0B4BCF}.Release|Any CPU.Build.0 = Release|Any CPU
		{74903A96-23B2-44BE-9B7D-412DABAEDE4F}.Debug|Any CPU.ActiveCfg = Debug|Any CPU
		{74903A96-23B2-44BE-9B7D-412DABAEDE4F}.Debug|Any CPU.Build.0 = Debug|Any CPU
		{74903A96-23B2-44BE-9B7D-412DABAEDE4F}.Release|Any CPU.ActiveCfg = Release|Any CPU
		{74903A96-23B2-44BE-9B7D-412DABAEDE4F}.Release|Any CPU.Build.0 = Release|Any CPU
	EndGlobalSection
	GlobalSection(SolutionProperties) = preSolution
		HideSolutionNode = FALSE
	EndGlobalSection
	GlobalSection(ExtensibilityGlobals) = postSolution
		SolutionGuid = {A90D7C31-5FEE-4B67-A0BF-E3179AEC4D84}
	EndGlobalSection
EndGlobal
