
Microsoft Visual Studio Solution File, Format Version 12.00
# Visual Studio Version 17
VisualStudioVersion = 17.7.34221.43
MinimumVisualStudioVersion = 10.0.40219.1
Project("{FAE04EC0-301F-11D3-BF4B-00C04F79EFBC}") = "WebFater", "WebFater\WebFater.csproj", "{A42DC94D-A78A-4AB6-ADF9-8B6303B434FA}"
EndProject
Global
	GlobalSection(SolutionConfigurationPlatforms) = preSolution
		Debug|Any CPU = Debug|Any CPU
		Release|Any CPU = Release|Any CPU
	EndGlobalSection
	GlobalSection(ProjectConfigurationPlatforms) = postSolution
		{A42DC94D-A78A-4AB6-ADF9-8B6303B434FA}.Debug|Any CPU.ActiveCfg = Debug|Any CPU
		{A42DC94D-A78A-4AB6-ADF9-8B6303B434FA}.Debug|Any CPU.Build.0 = Debug|Any CPU
		{A42DC94D-A78A-4AB6-ADF9-8B6303B434FA}.Release|Any CPU.ActiveCfg = Release|Any CPU
		{A42DC94D-A78A-4AB6-ADF9-8B6303B434FA}.Release|Any CPU.Build.0 = Release|Any CPU
	EndGlobalSection
	GlobalSection(SolutionProperties) = preSolution
		HideSolutionNode = FALSE
	EndGlobalSection
	GlobalSection(ExtensibilityGlobals) = postSolution
		SolutionGuid = {A90D7C31-5FEE-4B67-A0BF-E3179AEC4D84}
	EndGlobalSection
EndGlobal
